// !$*UTF8*$!
{
	archiveVersion = 1;
	classes = {
	};
	objectVersion = 46;
	objects = {

/* Begin PBXBuildFile section */
		55E86D00A435412EDE0CB3E2 /* Pods_E_Net.framework in Frameworks */ = {isa = PBXBuildFile; fileRef = 075B86DB02B6848EAB84B716 /* Pods_E_Net.framework */; };
		A225906E1ED4B7A000200EDC /* AppDelegate.swift in Sources */ = {isa = PBXBuildFile; fileRef = A225906D1ED4B7A000200EDC /* AppDelegate.swift */; };
		A22590701ED4B7A000200EDC /* ViewController.swift in Sources */ = {isa = PBXBuildFile; fileRef = A225906F1ED4B7A000200EDC /* ViewController.swift */; };
		A22590731ED4B7A000200EDC /* Main.storyboard in Resources */ = {isa = PBXBuildFile; fileRef = A22590711ED4B7A000200EDC /* Main.storyboard */; };
		A22590751ED4B7A000200EDC /* Assets.xcassets in Resources */ = {isa = PBXBuildFile; fileRef = A22590741ED4B7A000200EDC /* Assets.xcassets */; };
		A22590781ED4B7A000200EDC /* LaunchScreen.storyboard in Resources */ = {isa = PBXBuildFile; fileRef = A22590761ED4B7A000200EDC /* LaunchScreen.storyboard */; };
/* End PBXBuildFile section */

/* Begin PBXFileReference section */
		075B86DB02B6848EAB84B716 /* Pods_E_Net.framework */ = {isa = PBXFileReference; explicitFileType = wrapper.framework; includeInIndex = 0; path = Pods_E_Net.framework; sourceTree = BUILT_PRODUCTS_DIR; };
		13EFFE05E327E0C27B545A8B /* Pods-E-Net.debug.xcconfig */ = {isa = PBXFileReference; includeInIndex = 1; lastKnownFileType = text.xcconfig; name = "Pods-E-Net.debug.xcconfig"; path = "Pods/Target Support Files/Pods-E-Net/Pods-E-Net.debug.xcconfig"; sourceTree = "<group>"; };
		A225906A1ED4B7A000200EDC /* E-Net.app */ = {isa = PBXFileReference; explicitFileType = wrapper.application; includeInIndex = 0; path = "E-Net.app"; sourceTree = BUILT_PRODUCTS_DIR; };
		A225906D1ED4B7A000200EDC /* AppDelegate.swift */ = {isa = PBXFileReference; lastKnownFileType = sourcecode.swift; path = AppDelegate.swift; sourceTree = "<group>"; };
		A225906F1ED4B7A000200EDC /* ViewController.swift */ = {isa = PBXFileReference; lastKnownFileType = sourcecode.swift; path = ViewController.swift; sourceTree = "<group>"; };
		A22590721ED4B7A000200EDC /* Base */ = {isa = PBXFileReference; lastKnownFileType = file.storyboard; name = Base; path = Base.lproj/Main.storyboard; sourceTree = "<group>"; };
		A22590741ED4B7A000200EDC /* Assets.xcassets */ = {isa = PBXFileReference; lastKnownFileType = folder.assetcatalog; path = Assets.xcassets; sourceTree = "<group>"; };
		A22590771ED4B7A000200EDC /* Base */ = {isa = PBXFileReference; lastKnownFileType = file.storyboard; name = Base; path = Base.lproj/LaunchScreen.storyboard; sourceTree = "<group>"; };
		A22590791ED4B7A000200EDC /* Info.plist */ = {isa = PBXFileReference; lastKnownFileType = text.plist.xml; path = Info.plist; sourceTree = "<group>"; };
		FC33CE30166E5B57E69DBA32 /* Pods-E-Net.release.xcconfig */ = {isa = PBXFileReference; includeInIndex = 1; lastKnownFileType = text.xcconfig; name = "Pods-E-Net.release.xcconfig"; path = "Pods/Target Support Files/Pods-E-Net/Pods-E-Net.release.xcconfig"; sourceTree = "<group>"; };
/* End PBXFileReference section */

/* Begin PBXFrameworksBuildPhase section */
		A22590671ED4B7A000200EDC /* Frameworks */ = {
			isa = PBXFrameworksBuildPhase;
			buildActionMask = 2147483647;
			files = (
				55E86D00A435412EDE0CB3E2 /* Pods_E_Net.framework in Frameworks */,
			);
			runOnlyForDeploymentPostprocessing = 0;
		};
/* End PBXFrameworksBuildPhase section */

/* Begin PBXGroup section */
		A22590611ED4B7A000200EDC = {
			isa = PBXGroup;
			children = (
				A225906C1ED4B7A000200EDC /* E-Net */,
				A225906B1ED4B7A000200EDC /* Products */,
				F22705A703C67CBCF8D1D71B /* Pods */,
				AA4B8BDDEB5B06144E59B4CA /* Frameworks */,
			);
			sourceTree = "<group>";
		};
		A225906B1ED4B7A000200EDC /* Products */ = {
			isa = PBXGroup;
			children = (
				A225906A1ED4B7A000200EDC /* E-Net.app */,
			);
			name = Products;
			sourceTree = "<group>";
		};
		A225906C1ED4B7A000200EDC /* E-Net */ = {
			isa = PBXGroup;
			children = (
				A225906D1ED4B7A000200EDC /* AppDelegate.swift */,
				A225906F1ED4B7A000200EDC /* ViewController.swift */,
				A22590711ED4B7A000200EDC /* Main.storyboard */,
				A22590741ED4B7A000200EDC /* Assets.xcassets */,
				A22590761ED4B7A000200EDC /* LaunchScreen.storyboard */,
				A22590791ED4B7A000200EDC /* Info.plist */,
			);
			path = "E-Net";
			sourceTree = "<group>";
		};
		AA4B8BDDEB5B06144E59B4CA /* Frameworks */ = {
			isa = PBXGroup;
			children = (
				075B86DB02B6848EAB84B716 /* Pods_E_Net.framework */,
			);
			name = Frameworks;
			sourceTree = "<group>";
		};
		F22705A703C67CBCF8D1D71B /* Pods */ = {
			isa = PBXGroup;
			children = (
				13EFFE05E327E0C27B545A8B /* Pods-E-Net.debug.xcconfig */,
				FC33CE30166E5B57E69DBA32 /* Pods-E-Net.release.xcconfig */,
			);
			name = Pods;
			sourceTree = "<group>";
		};
/* End PBXGroup section */

/* Begin PBXNativeTarget section */
		A22590691ED4B7A000200EDC /* E-Net */ = {
			isa = PBXNativeTarget;
			buildConfigurationList = A225907C1ED4B7A000200EDC /* Build configuration list for PBXNativeTarget "E-Net" */;
			buildPhases = (
				FE6633D8F3A95C1CB83A22A6 /* [CP] Check Pods Manifest.lock */,
				A22590661ED4B7A000200EDC /* Sources */,
				A22590671ED4B7A000200EDC /* Frameworks */,
				A22590681ED4B7A000200EDC /* Resources */,
				5C53F5D7D8544D8D145EC95F /* [CP] Embed Pods Frameworks */,
				33E97A7A4F024D2D867DB01B /* [CP] Copy Pods Resources */,
			);
			buildRules = (
			);
			dependencies = (
			);
			name = "E-Net";
			productName = "E-Net";
			productReference = A225906A1ED4B7A000200EDC /* E-Net.app */;
			productType = "com.apple.product-type.application";
		};
/* End PBXNativeTarget section */

/* Begin PBXProject section */
		A22590621ED4B7A000200EDC /* Project object */ = {
			isa = PBXProject;
			attributes = {
				LastSwiftUpdateCheck = 0830;
				LastUpgradeCheck = 0830;
				ORGANIZATIONNAME = "CBM Web Development";
				TargetAttributes = {
					A22590691ED4B7A000200EDC = {
						CreatedOnToolsVersion = 8.3.2;
						DevelopmentTeam = B76P79Q988;
						ProvisioningStyle = Automatic;
					};
				};
			};
			buildConfigurationList = A22590651ED4B7A000200EDC /* Build configuration list for PBXProject "E-Net" */;
			compatibilityVersion = "Xcode 3.2";
			developmentRegion = English;
			hasScannedForEncodings = 0;
			knownRegions = (
				en,
				Base,
			);
			mainGroup = A22590611ED4B7A000200EDC;
			productRefGroup = A225906B1ED4B7A000200EDC /* Products */;
			projectDirPath = "";
			projectRoot = "";
			targets = (
				A22590691ED4B7A000200EDC /* E-Net */,
			);
		};
/* End PBXProject section */

/* Begin PBXResourcesBuildPhase section */
		A22590681ED4B7A000200EDC /* Resources */ = {
			isa = PBXResourcesBuildPhase;
			buildActionMask = 2147483647;
			files = (
				A22590781ED4B7A000200EDC /* LaunchScreen.storyboard in Resources */,
				A22590751ED4B7A000200EDC /* Assets.xcassets in Resources */,
				A22590731ED4B7A000200EDC /* Main.storyboard in Resources */,
			);
			runOnlyForDeploymentPostprocessing = 0;
		};
/* End PBXResourcesBuildPhase section */

/* Begin PBXShellScriptBuildPhase section */
		33E97A7A4F024D2D867DB01B /* [CP] Copy Pods Resources */ = {
			isa = PBXShellScriptBuildPhase;
			buildActionMask = 2147483647;
			files = (
			);
			inputPaths = (
			);
			name = "[CP] Copy Pods Resources";
			outputPaths = (
			);
			runOnlyForDeploymentPostprocessing = 0;
			shellPath = /bin/sh;
			shellScript = "\"${SRCROOT}/Pods/Target Support Files/Pods-E-Net/Pods-E-Net-resources.sh\"\n";
			showEnvVarsInLog = 0;
		};
		5C53F5D7D8544D8D145EC95F /* [CP] Embed Pods Frameworks */ = {
			isa = PBXShellScriptBuildPhase;
			buildActionMask = 2147483647;
			files = (
			);
			inputPaths = (
				"${SRCROOT}/Pods/Target Support Files/Pods-E-Net/Pods-E-Net-frameworks.sh",
				"${BUILT_PRODUCTS_DIR}/SDWebImage/SDWebImage.framework",
				"${BUILT_PRODUCTS_DIR}/libwebp/libwebp.framework",
			);
			name = "[CP] Embed Pods Frameworks";
			outputPaths = (
				"${TARGET_BUILD_DIR}/${FRAMEWORKS_FOLDER_PATH}/SDWebImage.framework",
				"${TARGET_BUILD_DIR}/${FRAMEWORKS_FOLDER_PATH}/libwebp.framework",
			);
			runOnlyForDeploymentPostprocessing = 0;
			shellPath = /bin/sh;
			shellScript = "\"${SRCROOT}/Pods/Target Support Files/Pods-E-Net/Pods-E-Net-frameworks.sh\"\n";
			showEnvVarsInLog = 0;
		};
		FE6633D8F3A95C1CB83A22A6 /* [CP] Check Pods Manifest.lock */ = {
			isa = PBXShellScriptBuildPhase;
			buildActionMask = 2147483647;
			files = (
			);
			inputPaths = (
				"${PODS_PODFILE_DIR_PATH}/Podfile.lock",
				"${PODS_ROOT}/Manifest.lock",
			);
			name = "[CP] Check Pods Manifest.lock";
			outputPaths = (
				"$(DERIVED_FILE_DIR)/Pods-E-Net-checkManifestLockResult.txt",
			);
			runOnlyForDeploymentPostprocessing = 0;
			shellPath = /bin/sh;
			shellScript = "diff \"${PODS_PODFILE_DIR_PATH}/Podfile.lock\" \"${PODS_ROOT}/Manifest.lock\" > /dev/null\nif [ $? != 0 ] ; then\n    # print error to STDERR\n    echo \"error: The sandbox is not in sync with the Podfile.lock. Run 'pod install' or update your CocoaPods installation.\" >&2\n    exit 1\nfi\n# This output is used by Xcode 'outputs' to avoid re-running this script phase.\necho \"SUCCESS\" > \"${SCRIPT_OUTPUT_FILE_0}\"\n";
			showEnvVarsInLog = 0;
		};
/* End PBXShellScriptBuildPhase section */

/* Begin PBXSourcesBuildPhase section */
		A22590661ED4B7A000200EDC /* Sources */ = {
			isa = PBXSourcesBuildPhase;
			buildActionMask = 2147483647;
			files = (
				A22590701ED4B7A000200EDC /* ViewController.swift in Sources */,
				A225906E1ED4B7A000200EDC /* AppDelegate.swift in Sources */,
			);
			runOnlyForDeploymentPostprocessing = 0;
		};
/* End PBXSourcesBuildPhase section */

/* Begin PBXVariantGroup section */
		A22590711ED4B7A000200EDC /* Main.storyboard */ = {
			isa = PBXVariantGroup;
			children = (
				A22590721ED4B7A000200EDC /* Base */,
			);
			name = Main.storyboard;
			sourceTree = "<group>";
		};
		A22590761ED4B7A000200EDC /* LaunchScreen.storyboard */ = {
			isa = PBXVariantGroup;
			children = (
				A22590771ED4B7A000200EDC /* Base */,
			);
			name = LaunchScreen.storyboard;
			sourceTree = "<group>";
		};
/* End PBXVariantGroup section */

/* Begin XCBuildConfiguration section */
		A225907A1ED4B7A000200EDC /* Debug */ = {
			isa = XCBuildConfiguration;
			buildSettings = {
				ALWAYS_SEARCH_USER_PATHS = NO;
				CLANG_ANALYZER_NONNULL = YES;
				CLANG_ANALYZER_NUMBER_OBJECT_CONVERSION = YES_AGGRESSIVE;
				CLANG_CXX_LANGUAGE_STANDARD = "gnu++0x";
				CLANG_CXX_LIBRARY = "libc++";
				CLANG_ENABLE_MODULES = YES;
				CLANG_ENABLE_OBJC_ARC = YES;
				CLANG_WARN_BOOL_CONVERSION = YES;
				CLANG_WARN_CONSTANT_CONVERSION = YES;
				CLANG_WARN_DIRECT_OBJC_ISA_USAGE = YES_ERROR;
				CLANG_WARN_DOCUMENTATION_COMMENTS = YES;
				CLANG_WARN_EMPTY_BODY = YES;
				CLANG_WARN_ENUM_CONVERSION = YES;
				CLANG_WARN_INFINITE_RECURSION = YES;
				CLANG_WARN_INT_CONVERSION = YES;
				CLANG_WARN_OBJC_ROOT_CLASS = YES_ERROR;
				CLANG_WARN_SUSPICIOUS_MOVE = YES;
				CLANG_WARN_UNREACHABLE_CODE = YES;
				CLANG_WARN__DUPLICATE_METHOD_MATCH = YES;
				"CODE_SIGN_IDENTITY[sdk=iphoneos*]" = "iPhone Developer";
				COPY_PHASE_STRIP = NO;
				DEBUG_INFORMATION_FORMAT = dwarf;
				ENABLE_STRICT_OBJC_MSGSEND = YES;
				ENABLE_TESTABILITY = YES;
				GCC_C_LANGUAGE_STANDARD = gnu99;
				GCC_DYNAMIC_NO_PIC = NO;
				GCC_NO_COMMON_BLOCKS = YES;
				GCC_OPTIMIZATION_LEVEL = 0;
				GCC_PREPROCESSOR_DEFINITIONS = (
					"DEBUG=1",
					"$(inherited)",
				);
				GCC_WARN_64_TO_32_BIT_CONVERSION = YES;
				GCC_WARN_ABOUT_RETURN_TYPE = YES_ERROR;
				GCC_WARN_UNDECLARED_SELECTOR = YES;
				GCC_WARN_UNINITIALIZED_AUTOS = YES_AGGRESSIVE;
				GCC_WARN_UNUSED_FUNCTION = YES;
				GCC_WARN_UNUSED_VARIABLE = YES;
				IPHONEOS_DEPLOYMENT_TARGET = 10.3;
				MTL_ENABLE_DEBUG_INFO = YES;
				ONLY_ACTIVE_ARCH = YES;
				SDKROOT = iphoneos;
				SWIFT_ACTIVE_COMPILATION_CONDITIONS = DEBUG;
				SWIFT_OPTIMIZATION_LEVEL = "-Onone";
			};
			name = Debug;
		};
		A225907B1ED4B7A000200EDC /* Release */ = {
			isa = XCBuildConfiguration;
			buildSettings = {
				ALWAYS_SEARCH_USER_PATHS = NO;
				CLANG_ANALYZER_NONNULL = YES;
				CLANG_ANALYZER_NUMBER_OBJECT_CONVERSION = YES_AGGRESSIVE;
				CLANG_CXX_LANGUAGE_STANDARD = "gnu++0x";
				CLANG_CXX_LIBRARY = "libc++";
				CLANG_ENABLE_MODULES = YES;
				CLANG_ENABLE_OBJC_ARC = YES;
				CLANG_WARN_BOOL_CONVERSION = YES;
				CLANG_WARN_CONSTANT_CONVERSION = YES;
				CLANG_WARN_DIRECT_OBJC_ISA_USAGE = YES_ERROR;
				CLANG_WARN_DOCUMENTATION_COMMENTS = YES;
				CLANG_WARN_EMPTY_BODY = YES;
				CLANG_WARN_ENUM_CONVERSION = YES;
				CLANG_WARN_INFINITE_RECURSION = YES;
				CLANG_WARN_INT_CONVERSION = YES;
				CLANG_WARN_OBJC_ROOT_CLASS = YES_ERROR;
				CLANG_WARN_SUSPICIOUS_MOVE = YES;
				CLANG_WARN_UNREACHABLE_CODE = YES;
				CLANG_WARN__DUPLICATE_METHOD_MATCH = YES;
				"CODE_SIGN_IDENTITY[sdk=iphoneos*]" = "iPhone Developer";
				COPY_PHASE_STRIP = NO;
				DEBUG_INFORMATION_FORMAT = "dwarf-with-dsym";
				ENABLE_NS_ASSERTIONS = NO;
				ENABLE_STRICT_OBJC_MSGSEND = YES;
				GCC_C_LANGUAGE_STANDARD = gnu99;
				GCC_NO_COMMON_BLOCKS = YES;
				GCC_WARN_64_TO_32_BIT_CONVERSION = YES;
				GCC_WARN_ABOUT_RETURN_TYPE = YES_ERROR;
				GCC_WARN_UNDECLARED_SELECTOR = YES;
				GCC_WARN_UNINITIALIZED_AUTOS = YES_AGGRESSIVE;
				GCC_WARN_UNUSED_FUNCTION = YES;
				GCC_WARN_UNUSED_VARIABLE = YES;
				IPHONEOS_DEPLOYMENT_TARGET = 10.3;
				MTL_ENABLE_DEBUG_INFO = NO;
				SDKROOT = iphoneos;
				SWIFT_OPTIMIZATION_LEVEL = "-Owholemodule";
				VALIDATE_PRODUCT = YES;
			};
			name = Release;
		};
		A225907D1ED4B7A000200EDC /* Debug */ = {
			isa = XCBuildConfiguration;
			baseConfigurationReference = 13EFFE05E327E0C27B545A8B /* Pods-E-Net.debug.xcconfig */;
			buildSettings = {
				ASSETCATALOG_COMPILER_APPICON_NAME = AppIcon;
				DEVELOPMENT_TEAM = B76P79Q988;
				INFOPLIST_FILE = "E-Net/Info.plist";
				LD_RUNPATH_SEARCH_PATHS = "$(inherited) @executable_path/Frameworks";
				PRODUCT_BUNDLE_IDENTIFIER = "com.cbmwebdevelopment.E-Net";
				PRODUCT_NAME = "$(TARGET_NAME)";
				SWIFT_VERSION = 3.0;
			};
			name = Debug;
		};
		A225907E1ED4B7A000200EDC /* Release */ = {
			isa = XCBuildConfiguration;
			baseConfigurationReference = FC33CE30166E5B57E69DBA32 /* Pods-E-Net.release.xcconfig */;
			buildSettings = {
				ASSETCATALOG_COMPILER_APPICON_NAME = AppIcon;
				DEVELOPMENT_TEAM = B76P79Q988;
				INFOPLIST_FILE = "E-Net/Info.plist";
				LD_RUNPATH_SEARCH_PATHS = "$(inherited) @executable_path/Frameworks";
				PRODUCT_BUNDLE_IDENTIFIER = "com.cbmwebdevelopment.E-Net";
				PRODUCT_NAME = "$(TARGET_NAME)";
				SWIFT_VERSION = 3.0;
			};
			name = Release;
		};
/* End XCBuildConfiguration section */

/* Begin XCConfigurationList section */
		A22590651ED4B7A000200EDC /* Build configuration list for PBXProject "E-Net" */ = {
			isa = XCConfigurationList;
			buildConfigurations = (
				A225907A1ED4B7A000200EDC /* Debug */,
				A225907B1ED4B7A000200EDC /* Release */,
			);
			defaultConfigurationIsVisible = 0;
			defaultConfigurationName = Release;
		};
		A225907C1ED4B7A000200EDC /* Build configuration list for PBXNativeTarget "E-Net" */ = {
			isa = XCConfigurationList;
			buildConfigurations = (
				A225907D1ED4B7A000200EDC /* Debug */,
				A225907E1ED4B7A000200EDC /* Release */,
			);
			defaultConfigurationIsVisible = 0;
		};
/* End XCConfigurationList section */
	};
	rootObject = A22590621ED4B7A000200EDC /* Project object */;
}
